
Microsoft Visual Studio Solution File, Format Version 12.00
# Visual Studio Version 16
VisualStudioVersion = 16.0.809.4
MinimumVisualStudioVersion = 10.0.40219.1
Project("{FAE04EC0-301F-11D3-BF4B-00C04F79EFBC}") = "OnceAgain", "OnceAgain\OnceAgain.csproj", "{FCC29F29-A67C-496B-B049-1D058936410E}"
EndProject
Global
	GlobalSection(SolutionConfigurationPlatforms) = preSolution
		Debug|Any CPU = Debug|Any CPU
		Release|Any CPU = Release|Any CPU
	EndGlobalSection
	GlobalSection(ProjectConfigurationPlatforms) = postSolution
		{FCC29F29-A67C-496B-B049-1D058936410E}.Debug|Any CPU.ActiveCfg = Debug|Any CPU
		{FCC29F29-A67C-496B-B049-1D058936410E}.Debug|Any CPU.Build.0 = Debug|Any CPU
		{FCC29F29-A67C-496B-B049-1D058936410E}.Release|Any CPU.ActiveCfg = Release|Any CPU
		{FCC29F29-A67C-496B-B049-1D058936410E}.Release|Any CPU.Build.0 = Release|Any CPU
	EndGlobalSection
	GlobalSection(SolutionProperties) = preSolution
		HideSolutionNode = FALSE
	EndGlobalSection
	GlobalSection(ExtensibilityGlobals) = postSolution
		SolutionGuid = {E875498D-6878-4FF1-93F6-6039794F7A39}
	EndGlobalSection
EndGlobal
